
Microsoft Visual Studio Solution File, Format Version 12.00
# Visual Studio Version 16
VisualStudioVersion = 16.0.30128.74
MinimumVisualStudioVersion = 10.0.40219.1
Project("{8BC9CEB8-8B4A-11D0-8D11-00A0C91BC942}") = "span_iterator", "span_iterator.vcxproj", "{32ED035D-9898-41E6-BAA4-9748AB912CB8}"
EndProject
Global
	GlobalSection(SolutionConfigurationPlatforms) = preSolution
		Debug|x64 = Debug|x64
		Debug|x86 = Debug|x86
		Release|x64 = Release|x64
		Release|x86 = Release|x86
	EndGlobalSection
	GlobalSection(ProjectConfigurationPlatforms) = postSolution
		{32ED035D-9898-41E6-BAA4-9748AB912CB8}.Debug|x64.ActiveCfg = Debug|x64
		{32ED035D-9898-41E6-BAA4-9748AB912CB8}.Debug|x64.Build.0 = Debug|x64
		{32ED035D-9898-41E6-BAA4-9748AB912CB8}.Debug|x86.ActiveCfg = Debug|Win32
		{32ED035D-9898-41E6-BAA4-9748AB912CB8}.Debug|x86.Build.0 = Debug|Win32
		{32ED035D-9898-41E6-BAA4-9748AB912CB8}.Release|x64.ActiveCfg = Release|x64
		{32ED035D-9898-41E6-BAA4-9748AB912CB8}.Release|x64.Build.0 = Release|x64
		{32ED035D-9898-41E6-BAA4-9748AB912CB8}.Release|x86.ActiveCfg = Release|Win32
		{32ED035D-9898-41E6-BAA4-9748AB912CB8}.Release|x86.Build.0 = Release|Win32
	EndGlobalSection
	GlobalSection(SolutionProperties) = preSolution
		HideSolutionNode = FALSE
	EndGlobalSection
	GlobalSection(ExtensibilityGlobals) = postSolution
		SolutionGuid = {0F264D8D-8753-427B-BFB6-FAA1FAE468A9}
	EndGlobalSection
EndGlobal
